
Microsoft Visual Studio Solution File, Format Version 12.00
# Visual Studio Version 16
VisualStudioVersion = 16.0.30413.136
MinimumVisualStudioVersion = 10.0.40219.1
Project("{FAE04EC0-301F-11D3-BF4B-00C04F79EFBC}") = "TestApplication", "TestApplication\TestApplication.csproj", "{4BD78E2D-DD80-478F-BAAF-BDAD6024C067}"
EndProject
Global
	GlobalSection(SolutionConfigurationPlatforms) = preSolution
		Debug|Any CPU = Debug|Any CPU
		Release|Any CPU = Release|Any CPU
	EndGlobalSection
	GlobalSection(ProjectConfigurationPlatforms) = postSolution
		{4BD78E2D-DD80-478F-BAAF-BDAD6024C067}.Debug|Any CPU.ActiveCfg = Debug|Any CPU
		{4BD78E2D-DD80-478F-BAAF-BDAD6024C067}.Debug|Any CPU.Build.0 = Debug|Any CPU
		{4BD78E2D-DD80-478F-BAAF-BDAD6024C067}.Release|Any CPU.ActiveCfg = Release|Any CPU
		{4BD78E2D-DD80-478F-BAAF-BDAD6024C067}.Release|Any CPU.Build.0 = Release|Any CPU
	EndGlobalSection
	GlobalSection(SolutionProperties) = preSolution
		HideSolutionNode = FALSE
	EndGlobalSection
	GlobalSection(ExtensibilityGlobals) = postSolution
		SolutionGuid = {B8D0B38C-53B0-4B89-825B-F6CF9DDD6980}
	EndGlobalSection
EndGlobal
